<?xml version="1.0" encoding="utf-8"?>
<Project ToolsVersion="4.0" xmlns="http://schemas.microsoft.com/developer/msbuild/2003">
  <ItemGroup>
    <Filter Include="Source Files">
      <UniqueIdentifier>{0f6e6fad-dd2b-4bcd-91fe-e0e6504d74fc}</UniqueIdentifier>
      <Extensions>cpp;c;cxx;rc;def;r;odl;idl;hpj;bat</Extensions>
    </Filter>
    <Filter Include="Header Files">
      <UniqueIdentifier>{de66d93b-d9b7-4007-96c1-c8a9d3410a38}</UniqueIdentifier>
    </Filter>
    <Filter Include="Header Files\tre">
      <UniqueIdentifier>{9852b644-3f32-4094-a7c2-daff8886280d}</UniqueIdentifier>
    </Filter>
    <Filter Include="Header Files\Win32">
      <UniqueIdentifier>{6744241a-8752-4c92-8b04-76c562c80521}</UniqueIdentifier>
    </Filter>
  </ItemGroup>
  <ItemGroup>
    <ClInclude Include="..\lib\tre\regex.h">
      <Filter>Header Files\tre</Filter>
    </ClInclude>
    <ClInclude Include="..\lib\regex.h">
      <Filter>Header Files</Filter>
    </ClInclude>
    <ClInclude Include="..\lib\tre.h">
      <Filter>Header Files</Filter>
    </ClInclude>
    <ClInclude Include="..\lib\tre-ast.h">
      <Filter>Header Files</Filter>
    </ClInclude>
    <ClInclude Include="..\lib\tre-compile.h">
      <Filter>Header Files</Filter>
    </ClInclude>
    <ClInclude Include="..\lib\tre-filter.h">
      <Filter>Header Files</Filter>
    </ClInclude>
    <ClInclude Include="..\lib\tre-internal.h">
      <Filter>Header Files</Filter>
    </ClInclude>
    <ClInclude Include="..\lib\tre-match-utils.h">
      <Filter>Header Files</Filter>
    </ClInclude>
    <ClInclude Include="..\lib\tre-mem.h">
      <Filter>Header Files</Filter>
    </ClInclude>
    <ClInclude Include="..\lib\tre-parse.h">
      <Filter>Header Files</Filter>
    </ClInclude>
    <ClInclude Include="..\lib\tre-stack.h">
      <Filter>Header Files</Filter>
    </ClInclude>
    <ClInclude Include="..\lib\xmalloc.h">
      <Filter>Header Files</Filter>
    </ClInclude>
    <ClInclude Include="config.h">
      <Filter>Header Files\Win32</Filter>
    </ClInclude>
    <ClInclude Include="tre-config.h">
      <Filter>Header Files\Win32</Filter>
    </ClInclude>
  </ItemGroup>
  <ItemGroup>
    <ClCompile Include="..\lib\regcomp.c">
      <Filter>Source Files</Filter>
    </ClCompile>
    <ClCompile Include="..\lib\regerror.c">
      <Filter>Source Files</Filter>
    </ClCompile>
    <ClCompile Include="..\lib\regexec.c">
      <Filter>Source Files</Filter>
    </ClCompile>
    <ClCompile Include="..\lib\tre-ast.c">
      <Filter>Source Files</Filter>
    </ClCompile>
    <ClCompile Include="..\lib\tre-compile.c">
      <Filter>Source Files</Filter>
    </ClCompile>
    <ClCompile Include="..\lib\tre-filter.c">
      <Filter>Source Files</Filter>
    </ClCompile>
    <ClCompile Include="..\lib\tre-match-approx.c">
      <Filter>Source Files</Filter>
    </ClCompile>
    <ClCompile Include="..\lib\tre-match-backtrack.c">
      <Filter>Source Files</Filter>
    </ClCompile>
    <ClCompile Include="..\lib\tre-match-parallel.c">
      <Filter>Source Files</Filter>
    </ClCompile>
    <ClCompile Include="..\lib\tre-mem.c">
      <Filter>Source Files</Filter>
    </ClCompile>
    <ClCompile Include="..\lib\tre-parse.c">
      <Filter>Source Files</Filter>
    </ClCompile>
    <ClCompile Include="..\lib\tre-stack.c">
      <Filter>Source Files</Filter>
    </ClCompile>
    <ClCompile Include="..\lib\xmalloc.c">
      <Filter>Source Files</Filter>
    </ClCompile>
  </ItemGroup>
  <ItemGroup>
    <None Include="..\lib\tre-config.h.in">
      <Filter>Header Files</Filter>
    </None>
    <None Include="tre-config.h.in">
      <Filter>Header Files\Win32</Filter>
    </None>
  </ItemGroup>
</Project>